// !$*UTF8*$!
{
	archiveVersion = 1;
	classes = {
	};
	objectVersion = 56;
	objects = {

/* Begin PBXBuildFile section */
		8482CB9E29180C5F00CC5B2F /* AppDelegate.swift in Sources */ = {isa = PBXBuildFile; fileRef = 8482CB9D29180C5F00CC5B2F /* AppDelegate.swift */; };
		8482CBA029180C5F00CC5B2F /* SceneDelegate.swift in Sources */ = {isa = PBXBuildFile; fileRef = 8482CB9F29180C5F00CC5B2F /* SceneDelegate.swift */; };
		8482CBA529180C5F00CC5B2F /* Main.storyboard in Resources */ = {isa = PBXBuildFile; fileRef = 8482CBA329180C5F00CC5B2F /* Main.storyboard */; };
		8482CBA729180C6000CC5B2F /* Assets.xcassets in Resources */ = {isa = PBXBuildFile; fileRef = 8482CBA629180C6000CC5B2F /* Assets.xcassets */; };
		8482CBAA29180C6000CC5B2F /* LaunchScreen.storyboard in Resources */ = {isa = PBXBuildFile; fileRef = 8482CBA829180C6000CC5B2F /* LaunchScreen.storyboard */; };
		8482CBB229180C7B00CC5B2F /* Menu.swift in Sources */ = {isa = PBXBuildFile; fileRef = 8482CBB129180C7B00CC5B2F /* Menu.swift */; };
		8482CBBE29181B3900CC5B2F /* MenuTableViewController.swift in Sources */ = {isa = PBXBuildFile; fileRef = 8482CBBD29181B3900CC5B2F /* MenuTableViewController.swift */; };
		8482CBC029181B4200CC5B2F /* MenuTableViewCell.swift in Sources */ = {isa = PBXBuildFile; fileRef = 8482CBBF29181B4200CC5B2F /* MenuTableViewCell.swift */; };
/* End PBXBuildFile section */

/* Begin PBXFileReference section */
		8482CB9A29180C5F00CC5B2F /* Double18Tea.app */ = {isa = PBXFileReference; explicitFileType = wrapper.application; includeInIndex = 0; path = Double18Tea.app; sourceTree = BUILT_PRODUCTS_DIR; };
		8482CB9D29180C5F00CC5B2F /* AppDelegate.swift */ = {isa = PBXFileReference; lastKnownFileType = sourcecode.swift; path = AppDelegate.swift; sourceTree = "<group>"; };
		8482CB9F29180C5F00CC5B2F /* SceneDelegate.swift */ = {isa = PBXFileReference; lastKnownFileType = sourcecode.swift; path = SceneDelegate.swift; sourceTree = "<group>"; };
		8482CBA429180C5F00CC5B2F /* Base */ = {isa = PBXFileReference; lastKnownFileType = file.storyboard; name = Base; path = Base.lproj/Main.storyboard; sourceTree = "<group>"; };
		8482CBA629180C6000CC5B2F /* Assets.xcassets */ = {isa = PBXFileReference; lastKnownFileType = folder.assetcatalog; path = Assets.xcassets; sourceTree = "<group>"; };
		8482CBA929180C6000CC5B2F /* Base */ = {isa = PBXFileReference; lastKnownFileType = file.storyboard; name = Base; path = Base.lproj/LaunchScreen.storyboard; sourceTree = "<group>"; };
		8482CBAB29180C6000CC5B2F /* Info.plist */ = {isa = PBXFileReference; lastKnownFileType = text.plist.xml; path = Info.plist; sourceTree = "<group>"; };
		8482CBB129180C7B00CC5B2F /* Menu.swift */ = {isa = PBXFileReference; lastKnownFileType = sourcecode.swift; path = Menu.swift; sourceTree = "<group>"; };
		8482CBBD29181B3900CC5B2F /* MenuTableViewController.swift */ = {isa = PBXFileReference; lastKnownFileType = sourcecode.swift; path = MenuTableViewController.swift; sourceTree = "<group>"; };
		8482CBBF29181B4200CC5B2F /* MenuTableViewCell.swift */ = {isa = PBXFileReference; lastKnownFileType = sourcecode.swift; path = MenuTableViewCell.swift; sourceTree = "<group>"; };
/* End PBXFileReference section */

/* Begin PBXFrameworksBuildPhase section */
		8482CB9729180C5F00CC5B2F /* Frameworks */ = {
			isa = PBXFrameworksBuildPhase;
			buildActionMask = 2147483647;
			files = (
			);
			runOnlyForDeploymentPostprocessing = 0;
		};
/* End PBXFrameworksBuildPhase section */

/* Begin PBXGroup section */
		8482CB9129180C5F00CC5B2F = {
			isa = PBXGroup;
			children = (
				8482CB9C29180C5F00CC5B2F /* Double18Tea */,
				8482CB9B29180C5F00CC5B2F /* Products */,
			);
			sourceTree = "<group>";
		};
		8482CB9B29180C5F00CC5B2F /* Products */ = {
			isa = PBXGroup;
			children = (
				8482CB9A29180C5F00CC5B2F /* Double18Tea.app */,
			);
			name = Products;
			sourceTree = "<group>";
		};
		8482CB9C29180C5F00CC5B2F /* Double18Tea */ = {
			isa = PBXGroup;
			children = (
				8482CB9D29180C5F00CC5B2F /* AppDelegate.swift */,
				8482CB9F29180C5F00CC5B2F /* SceneDelegate.swift */,
				8482CBB129180C7B00CC5B2F /* Menu.swift */,
				8482CBA329180C5F00CC5B2F /* Main.storyboard */,
				8482CBBD29181B3900CC5B2F /* MenuTableViewController.swift */,
				8482CBBF29181B4200CC5B2F /* MenuTableViewCell.swift */,
				8482CBA629180C6000CC5B2F /* Assets.xcassets */,
				8482CBA829180C6000CC5B2F /* LaunchScreen.storyboard */,
				8482CBAB29180C6000CC5B2F /* Info.plist */,
			);
			path = Double18Tea;
			sourceTree = "<group>";
		};
/* End PBXGroup section */

/* Begin PBXNativeTarget section */
		8482CB9929180C5F00CC5B2F /* Double18Tea */ = {
			isa = PBXNativeTarget;
			buildConfigurationList = 8482CBAE29180C6000CC5B2F /* Build configuration list for PBXNativeTarget "Double18Tea" */;
			buildPhases = (
				8482CB9629180C5F00CC5B2F /* Sources */,
				8482CB9729180C5F00CC5B2F /* Frameworks */,
				8482CB9829180C5F00CC5B2F /* Resources */,
			);
			buildRules = (
			);
			dependencies = (
			);
			name = Double18Tea;
			productName = Double18Tea;
			productReference = 8482CB9A29180C5F00CC5B2F /* Double18Tea.app */;
			productType = "com.apple.product-type.application";
		};
/* End PBXNativeTarget section */

/* Begin PBXProject section */
		8482CB9229180C5F00CC5B2F /* Project object */ = {
			isa = PBXProject;
			attributes = {
				BuildIndependentTargetsInParallel = 1;
				LastSwiftUpdateCheck = 1400;
				LastUpgradeCheck = 1400;
				TargetAttributes = {
					8482CB9929180C5F00CC5B2F = {
						CreatedOnToolsVersion = 14.0;
					};
				};
			};
			buildConfigurationList = 8482CB9529180C5F00CC5B2F /* Build configuration list for PBXProject "Double18Tea" */;
			compatibilityVersion = "Xcode 14.0";
			developmentRegion = en;
			hasScannedForEncodings = 0;
			knownRegions = (
				en,
				Base,
			);
			mainGroup = 8482CB9129180C5F00CC5B2F;
			productRefGroup = 8482CB9B29180C5F00CC5B2F /* Products */;
			projectDirPath = "";
			projectRoot = "";
			targets = (
				8482CB9929180C5F00CC5B2F /* Double18Tea */,
			);
		};
/* End PBXProject section */

/* Begin PBXResourcesBuildPhase section */
		8482CB9829180C5F00CC5B2F /* Resources */ = {
			isa = PBXResourcesBuildPhase;
			buildActionMask = 2147483647;
			files = (
				8482CBAA29180C6000CC5B2F /* LaunchScreen.storyboard in Resources */,
				8482CBA729180C6000CC5B2F /* Assets.xcassets in Resources */,
				8482CBA529180C5F00CC5B2F /* Main.storyboard in Resources */,
			);
			runOnlyForDeploymentPostprocessing = 0;
		};
/* End PBXResourcesBuildPhase section */

/* Begin PBXSourcesBuildPhase section */
		8482CB9629180C5F00CC5B2F /* Sources */ = {
			isa = PBXSourcesBuildPhase;
			buildActionMask = 2147483647;
			files = (
				8482CBBE29181B3900CC5B2F /* MenuTableViewController.swift in Sources */,
				8482CB9E29180C5F00CC5B2F /* AppDelegate.swift in Sources */,
				8482CBB229180C7B00CC5B2F /* Menu.swift in Sources */,
				8482CBA029180C5F00CC5B2F /* SceneDelegate.swift in Sources */,
				8482CBC029181B4200CC5B2F /* MenuTableViewCell.swift in Sources */,
			);
			runOnlyForDeploymentPostprocessing = 0;
		};
/* End PBXSourcesBuildPhase section */

/* Begin PBXVariantGroup section */
		8482CBA329180C5F00CC5B2F /* Main.storyboard */ = {
			isa = PBXVariantGroup;
			children = (
				8482CBA429180C5F00CC5B2F /* Base */,
			);
			name = Main.storyboard;
			sourceTree = "<group>";
		};
		8482CBA829180C6000CC5B2F /* LaunchScreen.storyboard */ = {
			isa = PBXVariantGroup;
			children = (
				8482CBA929180C6000CC5B2F /* Base */,
			);
			name = LaunchScreen.storyboard;
			sourceTree = "<group>";
		};
/* End PBXVariantGroup section */

/* Begin XCBuildConfiguration section */
		8482CBAC29180C6000CC5B2F /* Debug */ = {
			isa = XCBuildConfiguration;
			buildSettings = {
				ALWAYS_SEARCH_USER_PATHS = NO;
				CLANG_ANALYZER_NONNULL = YES;
				CLANG_ANALYZER_NUMBER_OBJECT_CONVERSION = YES_AGGRESSIVE;
				CLANG_CXX_LANGUAGE_STANDARD = "gnu++20";
				CLANG_ENABLE_MODULES = YES;
				CLANG_ENABLE_OBJC_ARC = YES;
				CLANG_ENABLE_OBJC_WEAK = YES;
				CLANG_WARN_BLOCK_CAPTURE_AUTORELEASING = YES;
				CLANG_WARN_BOOL_CONVERSION = YES;
				CLANG_WARN_COMMA = YES;
				CLANG_WARN_CONSTANT_CONVERSION = YES;
				CLANG_WARN_DEPRECATED_OBJC_IMPLEMENTATIONS = YES;
				CLANG_WARN_DIRECT_OBJC_ISA_USAGE = YES_ERROR;
				CLANG_WARN_DOCUMENTATION_COMMENTS = YES;
				CLANG_WARN_EMPTY_BODY = YES;
				CLANG_WARN_ENUM_CONVERSION = YES;
				CLANG_WARN_INFINITE_RECURSION = YES;
				CLANG_WARN_INT_CONVERSION = YES;
				CLANG_WARN_NON_LITERAL_NULL_CONVERSION = YES;
				CLANG_WARN_OBJC_IMPLICIT_RETAIN_SELF = YES;
				CLANG_WARN_OBJC_LITERAL_CONVERSION = YES;
				CLANG_WARN_OBJC_ROOT_CLASS = YES_ERROR;
				CLANG_WARN_QUOTED_INCLUDE_IN_FRAMEWORK_HEADER = YES;
				CLANG_WARN_RANGE_LOOP_ANALYSIS = YES;
				CLANG_WARN_STRICT_PROTOTYPES = YES;
				CLANG_WARN_SUSPICIOUS_MOVE = YES;
				CLANG_WARN_UNGUARDED_AVAILABILITY = YES_AGGRESSIVE;
				CLANG_WARN_UNREACHABLE_CODE = YES;
				CLANG_WARN__DUPLICATE_METHOD_MATCH = YES;
				COPY_PHASE_STRIP = NO;
				DEBUG_INFORMATION_FORMAT = dwarf;
				ENABLE_STRICT_OBJC_MSGSEND = YES;
				ENABLE_TESTABILITY = YES;
				GCC_C_LANGUAGE_STANDARD = gnu11;
				GCC_DYNAMIC_NO_PIC = NO;
				GCC_NO_COMMON_BLOCKS = YES;
				GCC_OPTIMIZATION_LEVEL = 0;
				GCC_PREPROCESSOR_DEFINITIONS = (
					"DEBUG=1",
					"$(inherited)",
				);
				GCC_WARN_64_TO_32_BIT_CONVERSION = YES;
				GCC_WARN_ABOUT_RETURN_TYPE = YES_ERROR;
				GCC_WARN_UNDECLARED_SELECTOR = YES;
				GCC_WARN_UNINITIALIZED_AUTOS = YES_AGGRESSIVE;
				GCC_WARN_UNUSED_FUNCTION = YES;
				GCC_WARN_UNUSED_VARIABLE = YES;
				IPHONEOS_DEPLOYMENT_TARGET = 16.0;
				MTL_ENABLE_DEBUG_INFO = INCLUDE_SOURCE;
				MTL_FAST_MATH = YES;
				ONLY_ACTIVE_ARCH = YES;
				SDKROOT = iphoneos;
				SWIFT_ACTIVE_COMPILATION_CONDITIONS = DEBUG;
				SWIFT_OPTIMIZATION_LEVEL = "-Onone";
			};
			name = Debug;
		};
		8482CBAD29180C6000CC5B2F /* Release */ = {
			isa = XCBuildConfiguration;
			buildSettings = {
				ALWAYS_SEARCH_USER_PATHS = NO;
				CLANG_ANALYZER_NONNULL = YES;
				CLANG_ANALYZER_NUMBER_OBJECT_CONVERSION = YES_AGGRESSIVE;
				CLANG_CXX_LANGUAGE_STANDARD = "gnu++20";
				CLANG_ENABLE_MODULES = YES;
				CLANG_ENABLE_OBJC_ARC = YES;
				CLANG_ENABLE_OBJC_WEAK = YES;
				CLANG_WARN_BLOCK_CAPTURE_AUTORELEASING = YES;
				CLANG_WARN_BOOL_CONVERSION = YES;
				CLANG_WARN_COMMA = YES;
				CLANG_WARN_CONSTANT_CONVERSION = YES;
				CLANG_WARN_DEPRECATED_OBJC_IMPLEMENTATIONS = YES;
				CLANG_WARN_DIRECT_OBJC_ISA_USAGE = YES_ERROR;
				CLANG_WARN_DOCUMENTATION_COMMENTS = YES;
				CLANG_WARN_EMPTY_BODY = YES;
				CLANG_WARN_ENUM_CONVERSION = YES;
				CLANG_WARN_INFINITE_RECURSION = YES;
				CLANG_WARN_INT_CONVERSION = YES;
				CLANG_WARN_NON_LITERAL_NULL_CONVERSION = YES;
				CLANG_WARN_OBJC_IMPLICIT_RETAIN_SELF = YES;
				CLANG_WARN_OBJC_LITERAL_CONVERSION = YES;
				CLANG_WARN_OBJC_ROOT_CLASS = YES_ERROR;
				CLANG_WARN_QUOTED_INCLUDE_IN_FRAMEWORK_HEADER = YES;
				CLANG_WARN_RANGE_LOOP_ANALYSIS = YES;
				CLANG_WARN_STRICT_PROTOTYPES = YES;
				CLANG_WARN_SUSPICIOUS_MOVE = YES;
				CLANG_WARN_UNGUARDED_AVAILABILITY = YES_AGGRESSIVE;
				CLANG_WARN_UNREACHABLE_CODE = YES;
				CLANG_WARN__DUPLICATE_METHOD_MATCH = YES;
				COPY_PHASE_STRIP = NO;
				DEBUG_INFORMATION_FORMAT = "dwarf-with-dsym";
				ENABLE_NS_ASSERTIONS = NO;
				ENABLE_STRICT_OBJC_MSGSEND = YES;
				GCC_C_LANGUAGE_STANDARD = gnu11;
				GCC_NO_COMMON_BLOCKS = YES;
				GCC_WARN_64_TO_32_BIT_CONVERSION = YES;
				GCC_WARN_ABOUT_RETURN_TYPE = YES_ERROR;
				GCC_WARN_UNDECLARED_SELECTOR = YES;
				GCC_WARN_UNINITIALIZED_AUTOS = YES_AGGRESSIVE;
				GCC_WARN_UNUSED_FUNCTION = YES;
				GCC_WARN_UNUSED_VARIABLE = YES;
				IPHONEOS_DEPLOYMENT_TARGET = 16.0;
				MTL_ENABLE_DEBUG_INFO = NO;
				MTL_FAST_MATH = YES;
				SDKROOT = iphoneos;
				SWIFT_COMPILATION_MODE = wholemodule;
				SWIFT_OPTIMIZATION_LEVEL = "-O";
				VALIDATE_PRODUCT = YES;
			};
			name = Release;
		};
		8482CBAF29180C6000CC5B2F /* Debug */ = {
			isa = XCBuildConfiguration;
			buildSettings = {
				ASSETCATALOG_COMPILER_APPICON_NAME = AppIcon;
				ASSETCATALOG_COMPILER_GLOBAL_ACCENT_COLOR_NAME = AccentColor;
				CODE_SIGN_STYLE = Automatic;
				CURRENT_PROJECT_VERSION = 1;
				DEVELOPMENT_TEAM = W54AJHRGJ2;
				GENERATE_INFOPLIST_FILE = YES;
				INFOPLIST_FILE = Double18Tea/Info.plist;
				INFOPLIST_KEY_UIApplicationSupportsIndirectInputEvents = YES;
				INFOPLIST_KEY_UILaunchStoryboardName = LaunchScreen;
				INFOPLIST_KEY_UIMainStoryboardFile = Main;
				INFOPLIST_KEY_UISupportedInterfaceOrientations_iPad = "UIInterfaceOrientationPortrait UIInterfaceOrientationPortraitUpsideDown UIInterfaceOrientationLandscapeLeft UIInterfaceOrientationLandscapeRight";
				INFOPLIST_KEY_UISupportedInterfaceOrientations_iPhone = "UIInterfaceOrientationPortrait UIInterfaceOrientationLandscapeLeft UIInterfaceOrientationLandscapeRight";
				LD_RUNPATH_SEARCH_PATHS = (
					"$(inherited)",
					"@executable_path/Frameworks",
				);
				MARKETING_VERSION = 1.0;
				PRODUCT_BUNDLE_IDENTIFIER = Yeh.com.Double18Tea;
				PRODUCT_NAME = "$(TARGET_NAME)";
				SWIFT_EMIT_LOC_STRINGS = YES;
				SWIFT_VERSION = 5.0;
				TARGETED_DEVICE_FAMILY = "1,2";
			};
			name = Debug;
		};
		8482CBB029180C6000CC5B2F /* Release */ = {
			isa = XCBuildConfiguration;
			buildSettings = {
				ASSETCATALOG_COMPILER_APPICON_NAME = AppIcon;
				ASSETCATALOG_COMPILER_GLOBAL_ACCENT_COLOR_NAME = AccentColor;
				CODE_SIGN_STYLE = Automatic;
				CURRENT_PROJECT_VERSION = 1;
				DEVELOPMENT_TEAM = W54AJHRGJ2;
				GENERATE_INFOPLIST_FILE = YES;
				INFOPLIST_FILE = Double18Tea/Info.plist;
				INFOPLIST_KEY_UIApplicationSupportsIndirectInputEvents = YES;
				INFOPLIST_KEY_UILaunchStoryboardName = LaunchScreen;
				INFOPLIST_KEY_UIMainStoryboardFile = Main;
				INFOPLIST_KEY_UISupportedInterfaceOrientations_iPad = "UIInterfaceOrientationPortrait UIInterfaceOrientationPortraitUpsideDown UIInterfaceOrientationLandscapeLeft UIInterfaceOrientationLandscapeRight";
				INFOPLIST_KEY_UISupportedInterfaceOrientations_iPhone = "UIInterfaceOrientationPortrait UIInterfaceOrientationLandscapeLeft UIInterfaceOrientationLandscapeRight";
				LD_RUNPATH_SEARCH_PATHS = (
					"$(inherited)",
					"@executable_path/Frameworks",
				);
				MARKETING_VERSION = 1.0;
				PRODUCT_BUNDLE_IDENTIFIER = Yeh.com.Double18Tea;
				PRODUCT_NAME = "$(TARGET_NAME)";
				SWIFT_EMIT_LOC_STRINGS = YES;
				SWIFT_VERSION = 5.0;
				TARGETED_DEVICE_FAMILY = "1,2";
			};
			name = Release;
		};
/* End XCBuildConfiguration section */

/* Begin XCConfigurationList section */
		8482CB9529180C5F00CC5B2F /* Build configuration list for PBXProject "Double18Tea" */ = {
			isa = XCConfigurationList;
			buildConfigurations = (
				8482CBAC29180C6000CC5B2F /* Debug */,
				8482CBAD29180C6000CC5B2F /* Release */,
			);
			defaultConfigurationIsVisible = 0;
			defaultConfigurationName = Release;
		};
		8482CBAE29180C6000CC5B2F /* Build configuration list for PBXNativeTarget "Double18Tea" */ = {
			isa = XCConfigurationList;
			buildConfigurations = (
				8482CBAF29180C6000CC5B2F /* Debug */,
				8482CBB029180C6000CC5B2F /* Release */,
			);
			defaultConfigurationIsVisible = 0;
			defaultConfigurationName = Release;
		};
/* End XCConfigurationList section */
	};
	rootObject = 8482CB9229180C5F00CC5B2F /* Project object */;
}
